// !$*UTF8*$!
{
	archiveVersion = 1;
	classes = {
	};
	objectVersion = 50;
	objects = {

/* Begin PBXBuildFile section */
		1F3D83EA21924329002FC82C /* AboutViewController.swift in Sources */ = {isa = PBXBuildFile; fileRef = 1F3D83E921924329002FC82C /* AboutViewController.swift */; };
		1F66D5BC21768EB60071E67C /* AppDelegate.swift in Sources */ = {isa = PBXBuildFile; fileRef = 1F66D5BB21768EB60071E67C /* AppDelegate.swift */; };
		1F66D5BE21768EB60071E67C /* HomeViewController.swift in Sources */ = {isa = PBXBuildFile; fileRef = 1F66D5BD21768EB60071E67C /* HomeViewController.swift */; };
		1F66D5C121768EB60071E67C /* Main.storyboard in Resources */ = {isa = PBXBuildFile; fileRef = 1F66D5BF21768EB60071E67C /* Main.storyboard */; };
		1F66D5C321768EB90071E67C /* Assets.xcassets in Resources */ = {isa = PBXBuildFile; fileRef = 1F66D5C221768EB90071E67C /* Assets.xcassets */; };
		1F66D5C621768EB90071E67C /* LaunchScreen.storyboard in Resources */ = {isa = PBXBuildFile; fileRef = 1F66D5C421768EB90071E67C /* LaunchScreen.storyboard */; };
		1FA684E4217AC937005455D6 /* PayViewContoller.swift in Sources */ = {isa = PBXBuildFile; fileRef = 1FA684E3217AC937005455D6 /* PayViewContoller.swift */; };
		1FA684E6217AD1D5005455D6 /* RequestViewController.swift in Sources */ = {isa = PBXBuildFile; fileRef = 1FA684E5217AD1D5005455D6 /* RequestViewController.swift */; };
		1FA684E8217AD80E005455D6 /* SendRViewController.swift in Sources */ = {isa = PBXBuildFile; fileRef = 1FA684E7217AD80E005455D6 /* SendRViewController.swift */; };
		1FEBFCCF217D807D00850682 /* ScanQRViewController.swift in Sources */ = {isa = PBXBuildFile; fileRef = 1FEBFCCE217D807D00850682 /* ScanQRViewController.swift */; };
		1FEBFCD1217D888100850682 /* MyQRViewController.swift in Sources */ = {isa = PBXBuildFile; fileRef = 1FEBFCD0217D888100850682 /* MyQRViewController.swift */; };
		2711F84D21A2277900CE46AB /* stellarsdk.framework in Frameworks */ = {isa = PBXBuildFile; fileRef = 2711F84021A2276300CE46AB /* stellarsdk.framework */; };
		2711F84E21A2277900CE46AB /* stellarsdk.framework in Embed Frameworks */ = {isa = PBXBuildFile; fileRef = 2711F84021A2276300CE46AB /* stellarsdk.framework */; settings = {ATTRIBUTES = (CodeSignOnCopy, RemoveHeadersOnCopy, ); }; };
		275AE8E6218FCCAF008EADE1 /* SWRevealViewController.m in Sources */ = {isa = PBXBuildFile; fileRef = 275AE8E4218FCCAF008EADE1 /* SWRevealViewController.m */; };
		27AEB07B21A5ED7D00549476 /* PayView.storyboard in Resources */ = {isa = PBXBuildFile; fileRef = 27AEB07A21A5ED7D00549476 /* PayView.storyboard */; };
		27AEB08621A5EE0600549476 /* RequestView.storyboard in Resources */ = {isa = PBXBuildFile; fileRef = 27AEB08521A5EE0600549476 /* RequestView.storyboard */; };
		27AEB08E21A5EF4200549476 /* SendOrRequestView.storyboard in Resources */ = {isa = PBXBuildFile; fileRef = 27AEB08C21A5EF4200549476 /* SendOrRequestView.storyboard */; };
		27AEB09021A5EF6E00549476 /* MyQRView.storyboard in Resources */ = {isa = PBXBuildFile; fileRef = 27AEB08F21A5EF6E00549476 /* MyQRView.storyboard */; };
		27AEB09321A5EF9300549476 /* ScanQRView.storyboard in Resources */ = {isa = PBXBuildFile; fileRef = 27AEB09121A5EF9300549476 /* ScanQRView.storyboard */; };
		27AEB09521A5EFBB00549476 /* SideBarView.storyboard in Resources */ = {isa = PBXBuildFile; fileRef = 27AEB09421A5EFBB00549476 /* SideBarView.storyboard */; };
		74B270BA218CD33D0056EEBA /* Klavika Light.otf in Resources */ = {isa = PBXBuildFile; fileRef = 74B270B9218CD33D0056EEBA /* Klavika Light.otf */; };
		74B270BC218CD34A0056EEBA /* DINPro Medium.otf in Resources */ = {isa = PBXBuildFile; fileRef = 74B270BB218CD34A0056EEBA /* DINPro Medium.otf */; };
		74B270BE218CD3520056EEBA /* DINPro Bold.otf in Resources */ = {isa = PBXBuildFile; fileRef = 74B270BD218CD3520056EEBA /* DINPro Bold.otf */; };
		74E2A51B21A0CF3D00A2FE0B /* SaveData.xcdatamodeld in Sources */ = {isa = PBXBuildFile; fileRef = 74E2A51921A0CF3D00A2FE0B /* SaveData.xcdatamodeld */; };
		74E2A53A21A0D00600A2FE0B /* PersistenceService.swift in Sources */ = {isa = PBXBuildFile; fileRef = 74E2A53921A0D00600A2FE0B /* PersistenceService.swift */; };
/* End PBXBuildFile section */

/* Begin PBXContainerItemProxy section */
		2711F83F21A2276300CE46AB /* PBXContainerItemProxy */ = {
			isa = PBXContainerItemProxy;
			containerPortal = 2711F83521A2276300CE46AB /* stellarsdk.xcodeproj */;
			proxyType = 2;
			remoteGlobalIDString = 7445E9FC201B106500470E0A;
			remoteInfo = stellarsdk;
		};
		2711F84121A2276300CE46AB /* PBXContainerItemProxy */ = {
			isa = PBXContainerItemProxy;
			containerPortal = 2711F83521A2276300CE46AB /* stellarsdk.xcodeproj */;
			proxyType = 2;
			remoteGlobalIDString = 7445EA05201B106500470E0A;
			remoteInfo = stellarsdkTests;
		};
		2711F84321A2276300CE46AB /* PBXContainerItemProxy */ = {
			isa = PBXContainerItemProxy;
			containerPortal = 2711F83521A2276300CE46AB /* stellarsdk.xcodeproj */;
			proxyType = 2;
			remoteGlobalIDString = 743DF4E5201F130100713DE7;
			remoteInfo = "stellarsdk-macOS";
		};
		2711F84521A2276300CE46AB /* PBXContainerItemProxy */ = {
			isa = PBXContainerItemProxy;
			containerPortal = 2711F83521A2276300CE46AB /* stellarsdk.xcodeproj */;
			proxyType = 2;
			remoteGlobalIDString = 743DF4ED201F130200713DE7;
			remoteInfo = "stellarsdk-macOSTests";
		};
		2711F84721A2276300CE46AB /* PBXContainerItemProxy */ = {
			isa = PBXContainerItemProxy;
			containerPortal = 2711F83521A2276300CE46AB /* stellarsdk.xcodeproj */;
			proxyType = 2;
			remoteGlobalIDString = 743DF50A201F458400713DE7;
			remoteInfo = "stellarsdkTests-Host";
		};
		2711F84921A2276300CE46AB /* PBXContainerItemProxy */ = {
			isa = PBXContainerItemProxy;
			containerPortal = 2711F83521A2276300CE46AB /* stellarsdk.xcodeproj */;
			proxyType = 2;
			remoteGlobalIDString = 743DF51D201F458400713DE7;
			remoteInfo = "stellarsdkTests-HostTests";
		};
		2711F84B21A2276300CE46AB /* PBXContainerItemProxy */ = {
			isa = PBXContainerItemProxy;
			containerPortal = 2711F83521A2276300CE46AB /* stellarsdk.xcodeproj */;
			proxyType = 2;
			remoteGlobalIDString = 743DF528201F458400713DE7;
			remoteInfo = "stellarsdkTests-HostUITests";
		};
		2711F84F21A2277900CE46AB /* PBXContainerItemProxy */ = {
			isa = PBXContainerItemProxy;
			containerPortal = 2711F83521A2276300CE46AB /* stellarsdk.xcodeproj */;
			proxyType = 1;
			remoteGlobalIDString = 7445E9FB201B106500470E0A;
			remoteInfo = stellarsdk;
		};
/* End PBXContainerItemProxy section */

/* Begin PBXCopyFilesBuildPhase section */
		2711F85121A2277900CE46AB /* Embed Frameworks */ = {
			isa = PBXCopyFilesBuildPhase;
			buildActionMask = 2147483647;
			dstPath = "";
			dstSubfolderSpec = 10;
			files = (
				2711F84E21A2277900CE46AB /* stellarsdk.framework in Embed Frameworks */,
			);
			name = "Embed Frameworks";
			runOnlyForDeploymentPostprocessing = 0;
		};
/* End PBXCopyFilesBuildPhase section */

/* Begin PBXFileReference section */
		1F3D83E921924329002FC82C /* AboutViewController.swift */ = {isa = PBXFileReference; lastKnownFileType = sourcecode.swift; path = AboutViewController.swift; sourceTree = "<group>"; };
		1F66D5B821768EB60071E67C /* GXXD App.app */ = {isa = PBXFileReference; explicitFileType = wrapper.application; includeInIndex = 0; path = "GXXD App.app"; sourceTree = BUILT_PRODUCTS_DIR; };
		1F66D5BB21768EB60071E67C /* AppDelegate.swift */ = {isa = PBXFileReference; lastKnownFileType = sourcecode.swift; path = AppDelegate.swift; sourceTree = "<group>"; };
		1F66D5BD21768EB60071E67C /* HomeViewController.swift */ = {isa = PBXFileReference; lastKnownFileType = sourcecode.swift; path = HomeViewController.swift; sourceTree = "<group>"; };
		1F66D5C021768EB60071E67C /* Base */ = {isa = PBXFileReference; lastKnownFileType = file.storyboard; name = Base; path = Base.lproj/Main.storyboard; sourceTree = "<group>"; };
		1F66D5C221768EB90071E67C /* Assets.xcassets */ = {isa = PBXFileReference; lastKnownFileType = folder.assetcatalog; path = Assets.xcassets; sourceTree = "<group>"; };
		1F66D5C521768EB90071E67C /* Base */ = {isa = PBXFileReference; lastKnownFileType = file.storyboard; name = Base; path = Base.lproj/LaunchScreen.storyboard; sourceTree = "<group>"; };
		1F66D5C721768EB90071E67C /* Info.plist */ = {isa = PBXFileReference; lastKnownFileType = text.plist.xml; path = Info.plist; sourceTree = "<group>"; };
		1FA684E3217AC937005455D6 /* PayViewContoller.swift */ = {isa = PBXFileReference; lastKnownFileType = sourcecode.swift; path = PayViewContoller.swift; sourceTree = "<group>"; };
		1FA684E5217AD1D5005455D6 /* RequestViewController.swift */ = {isa = PBXFileReference; lastKnownFileType = sourcecode.swift; path = RequestViewController.swift; sourceTree = "<group>"; };
		1FA684E7217AD80E005455D6 /* SendRViewController.swift */ = {isa = PBXFileReference; lastKnownFileType = sourcecode.swift; path = SendRViewController.swift; sourceTree = "<group>"; };
		1FEBFCCE217D807D00850682 /* ScanQRViewController.swift */ = {isa = PBXFileReference; lastKnownFileType = sourcecode.swift; path = ScanQRViewController.swift; sourceTree = "<group>"; };
		1FEBFCD0217D888100850682 /* MyQRViewController.swift */ = {isa = PBXFileReference; lastKnownFileType = sourcecode.swift; path = MyQRViewController.swift; sourceTree = "<group>"; };
		2711F83521A2276300CE46AB /* stellarsdk.xcodeproj */ = {isa = PBXFileReference; lastKnownFileType = "wrapper.pb-project"; name = stellarsdk.xcodeproj; path = "../../../stellar-ios-mac-sdk/stellarsdk/stellarsdk.xcodeproj"; sourceTree = "<group>"; };
		275AE8E3218FCCAD008EADE1 /* GXXD App-Bridging-Header.h */ = {isa = PBXFileReference; lastKnownFileType = sourcecode.c.h; path = "GXXD App-Bridging-Header.h"; sourceTree = "<group>"; };
		275AE8E4218FCCAF008EADE1 /* SWRevealViewController.m */ = {isa = PBXFileReference; fileEncoding = 4; lastKnownFileType = sourcecode.c.objc; path = SWRevealViewController.m; sourceTree = "<group>"; };
		275AE8E5218FCCAF008EADE1 /* SWRevealViewController.h */ = {isa = PBXFileReference; fileEncoding = 4; lastKnownFileType = sourcecode.c.h; path = SWRevealViewController.h; sourceTree = "<group>"; };
		27AEB07A21A5ED7D00549476 /* PayView.storyboard */ = {isa = PBXFileReference; fileEncoding = 4; lastKnownFileType = file.storyboard; path = PayView.storyboard; sourceTree = "<group>"; };
		27AEB08521A5EE0600549476 /* RequestView.storyboard */ = {isa = PBXFileReference; fileEncoding = 4; lastKnownFileType = file.storyboard; path = RequestView.storyboard; sourceTree = "<group>"; };
		27AEB08D21A5EF4200549476 /* Base */ = {isa = PBXFileReference; lastKnownFileType = file.storyboard; name = Base; path = "GXXD App/Base.lproj/SendOrRequestView.storyboard"; sourceTree = "<group>"; };
		27AEB08F21A5EF6E00549476 /* MyQRView.storyboard */ = {isa = PBXFileReference; fileEncoding = 4; lastKnownFileType = file.storyboard; path = MyQRView.storyboard; sourceTree = "<group>"; };
		27AEB09221A5EF9300549476 /* Base */ = {isa = PBXFileReference; lastKnownFileType = file.storyboard; name = Base; path = "GXXD App/Base.lproj/ScanQRView.storyboard"; sourceTree = "<group>"; };
		27AEB09421A5EFBB00549476 /* SideBarView.storyboard */ = {isa = PBXFileReference; fileEncoding = 4; lastKnownFileType = file.storyboard; path = SideBarView.storyboard; sourceTree = "<group>"; };
		74B270B9218CD33D0056EEBA /* Klavika Light.otf */ = {isa = PBXFileReference; lastKnownFileType = file; path = "Klavika Light.otf"; sourceTree = "<group>"; };
		74B270BB218CD34A0056EEBA /* DINPro Medium.otf */ = {isa = PBXFileReference; lastKnownFileType = file; path = "DINPro Medium.otf"; sourceTree = "<group>"; };
		74B270BD218CD3520056EEBA /* DINPro Bold.otf */ = {isa = PBXFileReference; lastKnownFileType = file; path = "DINPro Bold.otf"; sourceTree = "<group>"; };
		74E2A51A21A0CF3D00A2FE0B /* SaveData.xcdatamodel */ = {isa = PBXFileReference; lastKnownFileType = wrapper.xcdatamodel; path = SaveData.xcdatamodel; sourceTree = "<group>"; };
		74E2A53921A0D00600A2FE0B /* PersistenceService.swift */ = {isa = PBXFileReference; lastKnownFileType = sourcecode.swift; path = PersistenceService.swift; sourceTree = "<group>"; };
/* End PBXFileReference section */

/* Begin PBXFrameworksBuildPhase section */
		1F66D5B521768EB60071E67C /* Frameworks */ = {
			isa = PBXFrameworksBuildPhase;
			buildActionMask = 2147483647;
			files = (
				2711F84D21A2277900CE46AB /* stellarsdk.framework in Frameworks */,
			);
			runOnlyForDeploymentPostprocessing = 0;
		};
/* End PBXFrameworksBuildPhase section */

/* Begin PBXGroup section */
		1F66D5AF21768EB60071E67C = {
			isa = PBXGroup;
			children = (
				1F66D5BA21768EB60071E67C /* GXXD App */,
				1F66D5B921768EB60071E67C /* Products */,
				27DD6057219F67E000C202BD /* Frameworks */,
			);
			sourceTree = "<group>";
		};
		1F66D5B921768EB60071E67C /* Products */ = {
			isa = PBXGroup;
			children = (
				1F66D5B821768EB60071E67C /* GXXD App.app */,
			);
			name = Products;
			sourceTree = "<group>";
		};
		1F66D5BA21768EB60071E67C /* GXXD App */ = {
			isa = PBXGroup;
			children = (
				2711F83521A2276300CE46AB /* stellarsdk.xcodeproj */,
				74B270B8218CD30F0056EEBA /* Fonts */,
				2754EE90219F60F4008DE443 /* ViewControllers */,
				27AEB09621A5EFDF00549476 /* Storyboards */,
				74E2A51921A0CF3D00A2FE0B /* SaveData.xcdatamodeld */,
				1F66D5C221768EB90071E67C /* Assets.xcassets */,
				275AE8E5218FCCAF008EADE1 /* SWRevealViewController.h */,
				275AE8E3218FCCAD008EADE1 /* GXXD App-Bridging-Header.h */,
				275AE8E4218FCCAF008EADE1 /* SWRevealViewController.m */,
				1F66D5C721768EB90071E67C /* Info.plist */,
			);
			path = "GXXD App";
			sourceTree = "<group>";
		};
		2711F83621A2276300CE46AB /* Products */ = {
			isa = PBXGroup;
			children = (
				2711F84021A2276300CE46AB /* stellarsdk.framework */,
				2711F84221A2276300CE46AB /* stellarsdkTests.xctest */,
				2711F84421A2276300CE46AB /* stellarsdk.framework */,
				2711F84621A2276300CE46AB /* stellarsdk-macOSTests.xctest */,
				2711F84821A2276300CE46AB /* stellarsdkTests-Host.app */,
				2711F84A21A2276300CE46AB /* stellarsdkTests-HostTests.xctest */,
				2711F84C21A2276300CE46AB /* stellarsdkTests-HostUITests.xctest */,
			);
			name = Products;
			sourceTree = "<group>";
		};
		2754EE90219F60F4008DE443 /* ViewControllers */ = {
			isa = PBXGroup;
			children = (
				1F66D5BB21768EB60071E67C /* AppDelegate.swift */,
				1F66D5BD21768EB60071E67C /* HomeViewController.swift */,
				1FA684E3217AC937005455D6 /* PayViewContoller.swift */,
				1FA684E5217AD1D5005455D6 /* RequestViewController.swift */,
				1FA684E7217AD80E005455D6 /* SendRViewController.swift */,
				1F3D83E921924329002FC82C /* AboutViewController.swift */,
				1FEBFCCE217D807D00850682 /* ScanQRViewController.swift */,
				1FEBFCD0217D888100850682 /* MyQRViewController.swift */,
				74E2A53921A0D00600A2FE0B /* PersistenceService.swift */,
			);
			path = ViewControllers;
			sourceTree = "<group>";
		};
		27AEB09621A5EFDF00549476 /* Storyboards */ = {
			isa = PBXGroup;
			children = (
				1F66D5BF21768EB60071E67C /* Main.storyboard */,
				27AEB07A21A5ED7D00549476 /* PayView.storyboard */,
				27AEB08521A5EE0600549476 /* RequestView.storyboard */,
				27AEB08C21A5EF4200549476 /* SendOrRequestView.storyboard */,
				27AEB08F21A5EF6E00549476 /* MyQRView.storyboard */,
				27AEB09121A5EF9300549476 /* ScanQRView.storyboard */,
				27AEB09421A5EFBB00549476 /* SideBarView.storyboard */,
				1F66D5C421768EB90071E67C /* LaunchScreen.storyboard */,
			);
			path = Storyboards;
			sourceTree = "<group>";
		};
		27DD6057219F67E000C202BD /* Frameworks */ = {
			isa = PBXGroup;
			children = (
			);
			name = Frameworks;
			sourceTree = "<group>";
		};
		74B270B8218CD30F0056EEBA /* Fonts */ = {
			isa = PBXGroup;
			children = (
				74B270BD218CD3520056EEBA /* DINPro Bold.otf */,
				74B270BB218CD34A0056EEBA /* DINPro Medium.otf */,
				74B270B9218CD33D0056EEBA /* Klavika Light.otf */,
			);
			path = Fonts;
			sourceTree = "<group>";
		};
/* End PBXGroup section */

/* Begin PBXNativeTarget section */
		1F66D5B721768EB60071E67C /* GXXD App */ = {
			isa = PBXNativeTarget;
			buildConfigurationList = 1F66D5CA21768EB90071E67C /* Build configuration list for PBXNativeTarget "GXXD App" */;
			buildPhases = (
				1F66D5B421768EB60071E67C /* Sources */,
				1F66D5B521768EB60071E67C /* Frameworks */,
				1F66D5B621768EB60071E67C /* Resources */,
				2711F85121A2277900CE46AB /* Embed Frameworks */,
			);
			buildRules = (
			);
			dependencies = (
				2711F85021A2277900CE46AB /* PBXTargetDependency */,
			);
			name = "GXXD App";
			productName = "GXXD App";
			productReference = 1F66D5B821768EB60071E67C /* GXXD App.app */;
			productType = "com.apple.product-type.application";
		};
/* End PBXNativeTarget section */

/* Begin PBXProject section */
		1F66D5B021768EB60071E67C /* Project object */ = {
			isa = PBXProject;
			attributes = {
				LastSwiftUpdateCheck = 1000;
				LastUpgradeCheck = 1000;
				ORGANIZATIONNAME = GXXDPAY;
				TargetAttributes = {
					1F66D5B721768EB60071E67C = {
						CreatedOnToolsVersion = 10.0;
						LastSwiftMigration = 1010;
					};
				};
			};
			buildConfigurationList = 1F66D5B321768EB60071E67C /* Build configuration list for PBXProject "GXXD App" */;
			compatibilityVersion = "Xcode 9.3";
			developmentRegion = en;
			hasScannedForEncodings = 0;
			knownRegions = (
				en,
				Base,
			);
			mainGroup = 1F66D5AF21768EB60071E67C;
			productRefGroup = 1F66D5B921768EB60071E67C /* Products */;
			projectDirPath = "";
			projectReferences = (
				{
					ProductGroup = 2711F83621A2276300CE46AB /* Products */;
					ProjectRef = 2711F83521A2276300CE46AB /* stellarsdk.xcodeproj */;
				},
			);
			projectRoot = "";
			targets = (
				1F66D5B721768EB60071E67C /* GXXD App */,
			);
		};
/* End PBXProject section */

/* Begin PBXReferenceProxy section */
		2711F84021A2276300CE46AB /* stellarsdk.framework */ = {
			isa = PBXReferenceProxy;
			fileType = wrapper.framework;
			path = stellarsdk.framework;
			remoteRef = 2711F83F21A2276300CE46AB /* PBXContainerItemProxy */;
			sourceTree = BUILT_PRODUCTS_DIR;
		};
		2711F84221A2276300CE46AB /* stellarsdkTests.xctest */ = {
			isa = PBXReferenceProxy;
			fileType = wrapper.cfbundle;
			path = stellarsdkTests.xctest;
			remoteRef = 2711F84121A2276300CE46AB /* PBXContainerItemProxy */;
			sourceTree = BUILT_PRODUCTS_DIR;
		};
		2711F84421A2276300CE46AB /* stellarsdk.framework */ = {
			isa = PBXReferenceProxy;
			fileType = wrapper.framework;
			path = stellarsdk.framework;
			remoteRef = 2711F84321A2276300CE46AB /* PBXContainerItemProxy */;
			sourceTree = BUILT_PRODUCTS_DIR;
		};
		2711F84621A2276300CE46AB /* stellarsdk-macOSTests.xctest */ = {
			isa = PBXReferenceProxy;
			fileType = wrapper.cfbundle;
			path = "stellarsdk-macOSTests.xctest";
			remoteRef = 2711F84521A2276300CE46AB /* PBXContainerItemProxy */;
			sourceTree = BUILT_PRODUCTS_DIR;
		};
		2711F84821A2276300CE46AB /* stellarsdkTests-Host.app */ = {
			isa = PBXReferenceProxy;
			fileType = wrapper.application;
			path = "stellarsdkTests-Host.app";
			remoteRef = 2711F84721A2276300CE46AB /* PBXContainerItemProxy */;
			sourceTree = BUILT_PRODUCTS_DIR;
		};
		2711F84A21A2276300CE46AB /* stellarsdkTests-HostTests.xctest */ = {
			isa = PBXReferenceProxy;
			fileType = wrapper.cfbundle;
			path = "stellarsdkTests-HostTests.xctest";
			remoteRef = 2711F84921A2276300CE46AB /* PBXContainerItemProxy */;
			sourceTree = BUILT_PRODUCTS_DIR;
		};
		2711F84C21A2276300CE46AB /* stellarsdkTests-HostUITests.xctest */ = {
			isa = PBXReferenceProxy;
			fileType = wrapper.cfbundle;
			path = "stellarsdkTests-HostUITests.xctest";
			remoteRef = 2711F84B21A2276300CE46AB /* PBXContainerItemProxy */;
			sourceTree = BUILT_PRODUCTS_DIR;
		};
/* End PBXReferenceProxy section */

/* Begin PBXResourcesBuildPhase section */
		1F66D5B621768EB60071E67C /* Resources */ = {
			isa = PBXResourcesBuildPhase;
			buildActionMask = 2147483647;
			files = (
				27AEB09021A5EF6E00549476 /* MyQRView.storyboard in Resources */,
				1F66D5C621768EB90071E67C /* LaunchScreen.storyboard in Resources */,
				27AEB08621A5EE0600549476 /* RequestView.storyboard in Resources */,
				27AEB08E21A5EF4200549476 /* SendOrRequestView.storyboard in Resources */,
				74B270BE218CD3520056EEBA /* DINPro Bold.otf in Resources */,
				27AEB09321A5EF9300549476 /* ScanQRView.storyboard in Resources */,
				1F66D5C321768EB90071E67C /* Assets.xcassets in Resources */,
				74B270BC218CD34A0056EEBA /* DINPro Medium.otf in Resources */,
				1F66D5C121768EB60071E67C /* Main.storyboard in Resources */,
				74B270BA218CD33D0056EEBA /* Klavika Light.otf in Resources */,
				27AEB09521A5EFBB00549476 /* SideBarView.storyboard in Resources */,
				27AEB07B21A5ED7D00549476 /* PayView.storyboard in Resources */,
			);
			runOnlyForDeploymentPostprocessing = 0;
		};
/* End PBXResourcesBuildPhase section */

/* Begin PBXSourcesBuildPhase section */
		1F66D5B421768EB60071E67C /* Sources */ = {
			isa = PBXSourcesBuildPhase;
			buildActionMask = 2147483647;
			files = (
				1FEBFCD1217D888100850682 /* MyQRViewController.swift in Sources */,
				1FA684E6217AD1D5005455D6 /* RequestViewController.swift in Sources */,
				1FA684E4217AC937005455D6 /* PayViewContoller.swift in Sources */,
				74E2A53A21A0D00600A2FE0B /* PersistenceService.swift in Sources */,
				1F3D83EA21924329002FC82C /* AboutViewController.swift in Sources */,
				74E2A51B21A0CF3D00A2FE0B /* SaveData.xcdatamodeld in Sources */,
				275AE8E6218FCCAF008EADE1 /* SWRevealViewController.m in Sources */,
				1FEBFCCF217D807D00850682 /* ScanQRViewController.swift in Sources */,
				1FA684E8217AD80E005455D6 /* SendRViewController.swift in Sources */,
				1F66D5BE21768EB60071E67C /* HomeViewController.swift in Sources */,
				1F66D5BC21768EB60071E67C /* AppDelegate.swift in Sources */,
			);
			runOnlyForDeploymentPostprocessing = 0;
		};
/* End PBXSourcesBuildPhase section */

/* Begin PBXTargetDependency section */
		2711F85021A2277900CE46AB /* PBXTargetDependency */ = {
			isa = PBXTargetDependency;
			name = stellarsdk;
			targetProxy = 2711F84F21A2277900CE46AB /* PBXContainerItemProxy */;
		};
/* End PBXTargetDependency section */

/* Begin PBXVariantGroup section */
		1F66D5BF21768EB60071E67C /* Main.storyboard */ = {
			isa = PBXVariantGroup;
			children = (
				1F66D5C021768EB60071E67C /* Base */,
			);
			name = Main.storyboard;
			sourceTree = "<group>";
		};
		1F66D5C421768EB90071E67C /* LaunchScreen.storyboard */ = {
			isa = PBXVariantGroup;
			children = (
				1F66D5C521768EB90071E67C /* Base */,
			);
			name = LaunchScreen.storyboard;
			sourceTree = "<group>";
		};
		27AEB08C21A5EF4200549476 /* SendOrRequestView.storyboard */ = {
			isa = PBXVariantGroup;
			children = (
				27AEB08D21A5EF4200549476 /* Base */,
			);
			name = SendOrRequestView.storyboard;
			sourceTree = "<group>";
		};
		27AEB09121A5EF9300549476 /* ScanQRView.storyboard */ = {
			isa = PBXVariantGroup;
			children = (
				27AEB09221A5EF9300549476 /* Base */,
			);
			name = ScanQRView.storyboard;
			sourceTree = "<group>";
		};
/* End PBXVariantGroup section */

/* Begin XCBuildConfiguration section */
		1F66D5C821768EB90071E67C /* Debug */ = {
			isa = XCBuildConfiguration;
			buildSettings = {
				ALWAYS_SEARCH_USER_PATHS = NO;
				CLANG_ANALYZER_NONNULL = YES;
				CLANG_ANALYZER_NUMBER_OBJECT_CONVERSION = YES_AGGRESSIVE;
				CLANG_CXX_LANGUAGE_STANDARD = "gnu++14";
				CLANG_CXX_LIBRARY = "libc++";
				CLANG_ENABLE_MODULES = YES;
				CLANG_ENABLE_OBJC_ARC = YES;
				CLANG_ENABLE_OBJC_WEAK = YES;
				CLANG_WARN_BLOCK_CAPTURE_AUTORELEASING = YES;
				CLANG_WARN_BOOL_CONVERSION = YES;
				CLANG_WARN_COMMA = YES;
				CLANG_WARN_CONSTANT_CONVERSION = YES;
				CLANG_WARN_DEPRECATED_OBJC_IMPLEMENTATIONS = YES;
				CLANG_WARN_DIRECT_OBJC_ISA_USAGE = YES_ERROR;
				CLANG_WARN_DOCUMENTATION_COMMENTS = YES;
				CLANG_WARN_EMPTY_BODY = YES;
				CLANG_WARN_ENUM_CONVERSION = YES;
				CLANG_WARN_INFINITE_RECURSION = YES;
				CLANG_WARN_INT_CONVERSION = YES;
				CLANG_WARN_NON_LITERAL_NULL_CONVERSION = YES;
				CLANG_WARN_OBJC_IMPLICIT_RETAIN_SELF = YES;
				CLANG_WARN_OBJC_LITERAL_CONVERSION = YES;
				CLANG_WARN_OBJC_ROOT_CLASS = YES_ERROR;
				CLANG_WARN_RANGE_LOOP_ANALYSIS = YES;
				CLANG_WARN_STRICT_PROTOTYPES = YES;
				CLANG_WARN_SUSPICIOUS_MOVE = YES;
				CLANG_WARN_UNGUARDED_AVAILABILITY = YES_AGGRESSIVE;
				CLANG_WARN_UNREACHABLE_CODE = YES;
				CLANG_WARN__DUPLICATE_METHOD_MATCH = YES;
				CODE_SIGN_IDENTITY = "iPhone Developer";
				COPY_PHASE_STRIP = NO;
				DEBUG_INFORMATION_FORMAT = dwarf;
				ENABLE_STRICT_OBJC_MSGSEND = YES;
				ENABLE_TESTABILITY = YES;
				GCC_C_LANGUAGE_STANDARD = gnu11;
				GCC_DYNAMIC_NO_PIC = NO;
				GCC_NO_COMMON_BLOCKS = YES;
				GCC_OPTIMIZATION_LEVEL = 0;
				GCC_PREPROCESSOR_DEFINITIONS = (
					"DEBUG=1",
					"$(inherited)",
				);
				GCC_WARN_64_TO_32_BIT_CONVERSION = YES;
				GCC_WARN_ABOUT_RETURN_TYPE = YES_ERROR;
				GCC_WARN_UNDECLARED_SELECTOR = YES;
				GCC_WARN_UNINITIALIZED_AUTOS = YES_AGGRESSIVE;
				GCC_WARN_UNUSED_FUNCTION = YES;
				GCC_WARN_UNUSED_VARIABLE = YES;
				IPHONEOS_DEPLOYMENT_TARGET = 12.0;
				MTL_ENABLE_DEBUG_INFO = INCLUDE_SOURCE;
				MTL_FAST_MATH = YES;
				ONLY_ACTIVE_ARCH = YES;
				SDKROOT = iphoneos;
				SWIFT_ACTIVE_COMPILATION_CONDITIONS = DEBUG;
				SWIFT_OPTIMIZATION_LEVEL = "-Onone";
			};
			name = Debug;
		};
		1F66D5C921768EB90071E67C /* Release */ = {
			isa = XCBuildConfiguration;
			buildSettings = {
				ALWAYS_SEARCH_USER_PATHS = NO;
				CLANG_ANALYZER_NONNULL = YES;
				CLANG_ANALYZER_NUMBER_OBJECT_CONVERSION = YES_AGGRESSIVE;
				CLANG_CXX_LANGUAGE_STANDARD = "gnu++14";
				CLANG_CXX_LIBRARY = "libc++";
				CLANG_ENABLE_MODULES = YES;
				CLANG_ENABLE_OBJC_ARC = YES;
				CLANG_ENABLE_OBJC_WEAK = YES;
				CLANG_WARN_BLOCK_CAPTURE_AUTORELEASING = YES;
				CLANG_WARN_BOOL_CONVERSION = YES;
				CLANG_WARN_COMMA = YES;
				CLANG_WARN_CONSTANT_CONVERSION = YES;
				CLANG_WARN_DEPRECATED_OBJC_IMPLEMENTATIONS = YES;
				CLANG_WARN_DIRECT_OBJC_ISA_USAGE = YES_ERROR;
				CLANG_WARN_DOCUMENTATION_COMMENTS = YES;
				CLANG_WARN_EMPTY_BODY = YES;
				CLANG_WARN_ENUM_CONVERSION = YES;
				CLANG_WARN_INFINITE_RECURSION = YES;
				CLANG_WARN_INT_CONVERSION = YES;
				CLANG_WARN_NON_LITERAL_NULL_CONVERSION = YES;
				CLANG_WARN_OBJC_IMPLICIT_RETAIN_SELF = YES;
				CLANG_WARN_OBJC_LITERAL_CONVERSION = YES;
				CLANG_WARN_OBJC_ROOT_CLASS = YES_ERROR;
				CLANG_WARN_RANGE_LOOP_ANALYSIS = YES;
				CLANG_WARN_STRICT_PROTOTYPES = YES;
				CLANG_WARN_SUSPICIOUS_MOVE = YES;
				CLANG_WARN_UNGUARDED_AVAILABILITY = YES_AGGRESSIVE;
				CLANG_WARN_UNREACHABLE_CODE = YES;
				CLANG_WARN__DUPLICATE_METHOD_MATCH = YES;
				CODE_SIGN_IDENTITY = "iPhone Developer";
				COPY_PHASE_STRIP = NO;
				DEBUG_INFORMATION_FORMAT = "dwarf-with-dsym";
				ENABLE_NS_ASSERTIONS = NO;
				ENABLE_STRICT_OBJC_MSGSEND = YES;
				GCC_C_LANGUAGE_STANDARD = gnu11;
				GCC_NO_COMMON_BLOCKS = YES;
				GCC_WARN_64_TO_32_BIT_CONVERSION = YES;
				GCC_WARN_ABOUT_RETURN_TYPE = YES_ERROR;
				GCC_WARN_UNDECLARED_SELECTOR = YES;
				GCC_WARN_UNINITIALIZED_AUTOS = YES_AGGRESSIVE;
				GCC_WARN_UNUSED_FUNCTION = YES;
				GCC_WARN_UNUSED_VARIABLE = YES;
				IPHONEOS_DEPLOYMENT_TARGET = 12.0;
				MTL_ENABLE_DEBUG_INFO = NO;
				MTL_FAST_MATH = YES;
				SDKROOT = iphoneos;
				SWIFT_COMPILATION_MODE = wholemodule;
				SWIFT_OPTIMIZATION_LEVEL = "-O";
				VALIDATE_PRODUCT = YES;
			};
			name = Release;
		};
		1F66D5CB21768EB90071E67C /* Debug */ = {
			isa = XCBuildConfiguration;
			buildSettings = {
				ALWAYS_EMBED_SWIFT_STANDARD_LIBRARIES = YES;
				ASSETCATALOG_COMPILER_APPICON_NAME = AppIcon;
				CLANG_ENABLE_MODULES = YES;
				CODE_SIGN_IDENTITY = "iPhone Developer";
				CODE_SIGN_STYLE = Automatic;
				DEVELOPMENT_TEAM = M98NPPW3ZC;
				INFOPLIST_FILE = "GXXD App/Info.plist";
				LD_RUNPATH_SEARCH_PATHS = (
					"$(inherited)",
					"@executable_path/Frameworks",
				);
				PRODUCT_BUNDLE_IDENTIFIER = com.gxxd.testv3;
				PRODUCT_NAME = "$(TARGET_NAME)";
				PROVISIONING_PROFILE_SPECIFIER = "";
				SWIFT_OBJC_BRIDGING_HEADER = "GXXD App/GXXD App-Bridging-Header.h";
				SWIFT_OPTIMIZATION_LEVEL = "-Onone";
				SWIFT_VERSION = 4.2;
				TARGETED_DEVICE_FAMILY = "1,2";
			};
			name = Debug;
		};
		1F66D5CC21768EB90071E67C /* Release */ = {
			isa = XCBuildConfiguration;
			buildSettings = {
				ALWAYS_EMBED_SWIFT_STANDARD_LIBRARIES = YES;
				ASSETCATALOG_COMPILER_APPICON_NAME = AppIcon;
				CLANG_ENABLE_MODULES = YES;
				CODE_SIGN_IDENTITY = "iPhone Developer";
				CODE_SIGN_STYLE = Automatic;
				DEVELOPMENT_TEAM = M98NPPW3ZC;
				INFOPLIST_FILE = "GXXD App/Info.plist";
				LD_RUNPATH_SEARCH_PATHS = (
					"$(inherited)",
					"@executable_path/Frameworks",
				);
				PRODUCT_BUNDLE_IDENTIFIER = com.gxxd.testv3;
				PRODUCT_NAME = "$(TARGET_NAME)";
				PROVISIONING_PROFILE_SPECIFIER = "";
				SWIFT_OBJC_BRIDGING_HEADER = "GXXD App/GXXD App-Bridging-Header.h";
				SWIFT_VERSION = 4.2;
				TARGETED_DEVICE_FAMILY = "1,2";
			};
			name = Release;
		};
/* End XCBuildConfiguration section */

/* Begin XCConfigurationList section */
		1F66D5B321768EB60071E67C /* Build configuration list for PBXProject "GXXD App" */ = {
			isa = XCConfigurationList;
			buildConfigurations = (
				1F66D5C821768EB90071E67C /* Debug */,
				1F66D5C921768EB90071E67C /* Release */,
			);
			defaultConfigurationIsVisible = 0;
			defaultConfigurationName = Release;
		};
		1F66D5CA21768EB90071E67C /* Build configuration list for PBXNativeTarget "GXXD App" */ = {
			isa = XCConfigurationList;
			buildConfigurations = (
				1F66D5CB21768EB90071E67C /* Debug */,
				1F66D5CC21768EB90071E67C /* Release */,
			);
			defaultConfigurationIsVisible = 0;
			defaultConfigurationName = Release;
		};
/* End XCConfigurationList section */

/* Begin XCVersionGroup section */
		74E2A51921A0CF3D00A2FE0B /* SaveData.xcdatamodeld */ = {
			isa = XCVersionGroup;
			children = (
				74E2A51A21A0CF3D00A2FE0B /* SaveData.xcdatamodel */,
			);
			currentVersion = 74E2A51A21A0CF3D00A2FE0B /* SaveData.xcdatamodel */;
			path = SaveData.xcdatamodeld;
			sourceTree = "<group>";
			versionGroupType = wrapper.xcdatamodel;
		};
/* End XCVersionGroup section */
	};
	rootObject = 1F66D5B021768EB60071E67C /* Project object */;
}
